// !$*UTF8*$!
{
	archiveVersion = 1;
	classes = {
	};
	objectVersion = 46;
	objects = {

/* Begin PBXBuildFile section */
		6C43693C1A3F53C2004E477A /* compact_logs_test.c in Sources */ = {isa = PBXBuildFile; fileRef = 6C43693A1A3F53C2004E477A /* compact_logs_test.c */; };
		6C7DCDAC1A544ADF0047D05D /* profile_service.c in Sources */ = {isa = PBXBuildFile; fileRef = 6C7DCDAA1A544ADF0047D05D /* profile_service.c */; };
		6C7DCDB01A544B830047D05D /* profile_service_test.c in Sources */ = {isa = PBXBuildFile; fileRef = 6C7DCDAE1A544B830047D05D /* profile_service_test.c */; };
		6C87B5941A495865009C68FF /* timer_service.c in Sources */ = {isa = PBXBuildFile; fileRef = 6C87B5921A495865009C68FF /* timer_service.c */; };
		6C87B5971A4958D3009C68FF /* timer_service_test.c in Sources */ = {isa = PBXBuildFile; fileRef = 6C87B5951A4958D3009C68FF /* timer_service_test.c */; };
		6CDABA581A380C34001E2AB2 /* main.c in Sources */ = {isa = PBXBuildFile; fileRef = 6CDABA571A380C34001E2AB2 /* main.c */; };
		6CDABA661A3A0A72001E2AB2 /* compact_logs.c in Sources */ = {isa = PBXBuildFile; fileRef = 6CDABA641A3A0A72001E2AB2 /* compact_logs.c */; };
/* End PBXBuildFile section */

/* Begin PBXCopyFilesBuildPhase section */
		6CDABA521A380C34001E2AB2 /* CopyFiles */ = {
			isa = PBXCopyFilesBuildPhase;
			buildActionMask = 2147483647;
			dstPath = /usr/share/man/man1/;
			dstSubfolderSpec = 0;
			files = (
			);
			runOnlyForDeploymentPostprocessing = 1;
		};
/* End PBXCopyFilesBuildPhase section */

/* Begin PBXFileReference section */
		6C43693A1A3F53C2004E477A /* compact_logs_test.c */ = {isa = PBXFileReference; fileEncoding = 4; lastKnownFileType = sourcecode.c.c; name = compact_logs_test.c; path = compact_logs/compact_logs_test.c; sourceTree = "<group>"; };
		6C43693B1A3F53C2004E477A /* compact_logs_test.h */ = {isa = PBXFileReference; fileEncoding = 4; lastKnownFileType = sourcecode.c.h; name = compact_logs_test.h; path = compact_logs/compact_logs_test.h; sourceTree = "<group>"; };
		6C7DCDAA1A544ADF0047D05D /* profile_service.c */ = {isa = PBXFileReference; fileEncoding = 4; lastKnownFileType = sourcecode.c.c; name = profile_service.c; path = profile_service/profile_service.c; sourceTree = "<group>"; };
		6C7DCDAB1A544ADF0047D05D /* profile_service.h */ = {isa = PBXFileReference; fileEncoding = 4; lastKnownFileType = sourcecode.c.h; name = profile_service.h; path = profile_service/profile_service.h; sourceTree = "<group>"; };
		6C7DCDAE1A544B830047D05D /* profile_service_test.c */ = {isa = PBXFileReference; fileEncoding = 4; lastKnownFileType = sourcecode.c.c; name = profile_service_test.c; path = profile_service/profile_service_test.c; sourceTree = "<group>"; };
		6C7DCDAF1A544B830047D05D /* profile_service_test.h */ = {isa = PBXFileReference; fileEncoding = 4; lastKnownFileType = sourcecode.c.h; name = profile_service_test.h; path = profile_service/profile_service_test.h; sourceTree = "<group>"; };
		6C87B5921A495865009C68FF /* timer_service.c */ = {isa = PBXFileReference; fileEncoding = 4; lastKnownFileType = sourcecode.c.c; name = timer_service.c; path = timer_service/timer_service.c; sourceTree = "<group>"; };
		6C87B5931A495865009C68FF /* timer_service.h */ = {isa = PBXFileReference; fileEncoding = 4; lastKnownFileType = sourcecode.c.h; name = timer_service.h; path = timer_service/timer_service.h; sourceTree = "<group>"; };
		6C87B5951A4958D3009C68FF /* timer_service_test.c */ = {isa = PBXFileReference; fileEncoding = 4; lastKnownFileType = sourcecode.c.c; name = timer_service_test.c; path = timer_service/timer_service_test.c; sourceTree = "<group>"; };
		6C87B5961A4958D3009C68FF /* timer_service_test.h */ = {isa = PBXFileReference; fileEncoding = 4; lastKnownFileType = sourcecode.c.h; name = timer_service_test.h; path = timer_service/timer_service_test.h; sourceTree = "<group>"; };
		6C87B5981A495A8E009C68FF /* test.h */ = {isa = PBXFileReference; lastKnownFileType = sourcecode.c.h; path = test.h; sourceTree = "<group>"; };
		6CDABA541A380C34001E2AB2 /* embedded-helpers */ = {isa = PBXFileReference; explicitFileType = "compiled.mach-o.executable"; includeInIndex = 0; path = "embedded-helpers"; sourceTree = BUILT_PRODUCTS_DIR; };
		6CDABA571A380C34001E2AB2 /* main.c */ = {isa = PBXFileReference; lastKnownFileType = sourcecode.c.c; path = main.c; sourceTree = "<group>"; };
		6CDABA641A3A0A72001E2AB2 /* compact_logs.c */ = {isa = PBXFileReference; fileEncoding = 4; lastKnownFileType = sourcecode.c.c; name = compact_logs.c; path = compact_logs/compact_logs.c; sourceTree = "<group>"; };
		6CDABA651A3A0A72001E2AB2 /* compact_logs.h */ = {isa = PBXFileReference; fileEncoding = 4; lastKnownFileType = sourcecode.c.h; name = compact_logs.h; path = compact_logs/compact_logs.h; sourceTree = "<group>"; };
/* End PBXFileReference section */

/* Begin PBXFrameworksBuildPhase section */
		6CDABA511A380C34001E2AB2 /* Frameworks */ = {
			isa = PBXFrameworksBuildPhase;
			buildActionMask = 2147483647;
			files = (
			);
			runOnlyForDeploymentPostprocessing = 0;
		};
/* End PBXFrameworksBuildPhase section */

/* Begin PBXGroup section */
		6C7DCDAD1A544AE40047D05D /* profile_service */ = {
			isa = PBXGroup;
			children = (
				6C7DCDAA1A544ADF0047D05D /* profile_service.c */,
				6C7DCDAE1A544B830047D05D /* profile_service_test.c */,
				6C7DCDAF1A544B830047D05D /* profile_service_test.h */,
				6C7DCDAB1A544ADF0047D05D /* profile_service.h */,
			);
			name = profile_service;
			sourceTree = "<group>";
		};
		6C87B5911A49583B009C68FF /* timer_service */ = {
			isa = PBXGroup;
			children = (
				6C87B5921A495865009C68FF /* timer_service.c */,
				6C87B5931A495865009C68FF /* timer_service.h */,
				6C87B5951A4958D3009C68FF /* timer_service_test.c */,
				6C87B5961A4958D3009C68FF /* timer_service_test.h */,
			);
			name = timer_service;
			sourceTree = "<group>";
		};
		6C9564081A464695008E9FB6 /* compact_logs */ = {
			isa = PBXGroup;
			children = (
				6CDABA641A3A0A72001E2AB2 /* compact_logs.c */,
				6CDABA651A3A0A72001E2AB2 /* compact_logs.h */,
				6C43693A1A3F53C2004E477A /* compact_logs_test.c */,
				6C43693B1A3F53C2004E477A /* compact_logs_test.h */,
			);
			name = compact_logs;
			sourceTree = "<group>";
		};
		6CDABA4B1A380C34001E2AB2 = {
			isa = PBXGroup;
			children = (
				6CDABA561A380C34001E2AB2 /* embedded-helpers */,
				6CDABA551A380C34001E2AB2 /* Products */,
			);
			sourceTree = "<group>";
		};
		6CDABA551A380C34001E2AB2 /* Products */ = {
			isa = PBXGroup;
			children = (
				6CDABA541A380C34001E2AB2 /* embedded-helpers */,
			);
			name = Products;
			sourceTree = "<group>";
		};
		6CDABA561A380C34001E2AB2 /* embedded-helpers */ = {
			isa = PBXGroup;
			children = (
				6C87B5911A49583B009C68FF /* timer_service */,
				6C9564081A464695008E9FB6 /* compact_logs */,
				6CDABA571A380C34001E2AB2 /* main.c */,
				6C87B5981A495A8E009C68FF /* test.h */,
				6C7DCDAD1A544AE40047D05D /* profile_service */,
			);
			path = "embedded-helpers";
			sourceTree = "<group>";
		};
/* End PBXGroup section */

/* Begin PBXNativeTarget section */
		6CDABA531A380C34001E2AB2 /* embedded-helpers */ = {
			isa = PBXNativeTarget;
			buildConfigurationList = 6CDABA5B1A380C34001E2AB2 /* Build configuration list for PBXNativeTarget "embedded-helpers" */;
			buildPhases = (
				6CDABA501A380C34001E2AB2 /* Sources */,
				6CDABA511A380C34001E2AB2 /* Frameworks */,
				6CDABA521A380C34001E2AB2 /* CopyFiles */,
			);
			buildRules = (
			);
			dependencies = (
			);
			name = "embedded-helpers";
			productName = "embedded-helpers";
			productReference = 6CDABA541A380C34001E2AB2 /* embedded-helpers */;
			productType = "com.apple.product-type.tool";
		};
/* End PBXNativeTarget section */

/* Begin PBXProject section */
		6CDABA4C1A380C34001E2AB2 /* Project object */ = {
			isa = PBXProject;
			attributes = {
				LastUpgradeCheck = 0610;
				ORGANIZATIONNAME = "Cove Technology";
				TargetAttributes = {
					6CDABA531A380C34001E2AB2 = {
						CreatedOnToolsVersion = 6.1.1;
					};
				};
			};
			buildConfigurationList = 6CDABA4F1A380C34001E2AB2 /* Build configuration list for PBXProject "embedded-helpers" */;
			compatibilityVersion = "Xcode 3.2";
			developmentRegion = English;
			hasScannedForEncodings = 0;
			knownRegions = (
				en,
			);
			mainGroup = 6CDABA4B1A380C34001E2AB2;
			productRefGroup = 6CDABA551A380C34001E2AB2 /* Products */;
			projectDirPath = "";
			projectRoot = "";
			targets = (
				6CDABA531A380C34001E2AB2 /* embedded-helpers */,
			);
		};
/* End PBXProject section */

/* Begin PBXSourcesBuildPhase section */
		6CDABA501A380C34001E2AB2 /* Sources */ = {
			isa = PBXSourcesBuildPhase;
			buildActionMask = 2147483647;
			files = (
				6CDABA581A380C34001E2AB2 /* main.c in Sources */,
				6C87B5941A495865009C68FF /* timer_service.c in Sources */,
				6C43693C1A3F53C2004E477A /* compact_logs_test.c in Sources */,
				6C7DCDAC1A544ADF0047D05D /* profile_service.c in Sources */,
				6CDABA661A3A0A72001E2AB2 /* compact_logs.c in Sources */,
				6C7DCDB01A544B830047D05D /* profile_service_test.c in Sources */,
				6C87B5971A4958D3009C68FF /* timer_service_test.c in Sources */,
			);
			runOnlyForDeploymentPostprocessing = 0;
		};
/* End PBXSourcesBuildPhase section */

/* Begin XCBuildConfiguration section */
		6CDABA591A380C34001E2AB2 /* Debug */ = {
			isa = XCBuildConfiguration;
			buildSettings = {
				ALWAYS_SEARCH_USER_PATHS = NO;
				CLANG_CXX_LANGUAGE_STANDARD = "gnu++0x";
				CLANG_CXX_LIBRARY = "libc++";
				CLANG_ENABLE_MODULES = YES;
				CLANG_ENABLE_OBJC_ARC = YES;
				CLANG_WARN_BOOL_CONVERSION = YES;
				CLANG_WARN_CONSTANT_CONVERSION = YES;
				CLANG_WARN_DIRECT_OBJC_ISA_USAGE = YES_ERROR;
				CLANG_WARN_EMPTY_BODY = YES;
				CLANG_WARN_ENUM_CONVERSION = YES;
				CLANG_WARN_INT_CONVERSION = YES;
				CLANG_WARN_OBJC_ROOT_CLASS = YES_ERROR;
				CLANG_WARN_UNREACHABLE_CODE = YES;
				CLANG_WARN__DUPLICATE_METHOD_MATCH = YES;
				COPY_PHASE_STRIP = NO;
				ENABLE_STRICT_OBJC_MSGSEND = YES;
				GCC_C_LANGUAGE_STANDARD = gnu99;
				GCC_DYNAMIC_NO_PIC = NO;
				GCC_OPTIMIZATION_LEVEL = 0;
				GCC_PREPROCESSOR_DEFINITIONS = (
					"DEBUG=1",
					"$(inherited)",
					"TESTBENCH=1",
				);
				GCC_SYMBOLS_PRIVATE_EXTERN = NO;
				GCC_WARN_64_TO_32_BIT_CONVERSION = YES;
				GCC_WARN_ABOUT_RETURN_TYPE = YES_ERROR;
				GCC_WARN_UNDECLARED_SELECTOR = YES;
				GCC_WARN_UNINITIALIZED_AUTOS = YES_AGGRESSIVE;
				GCC_WARN_UNUSED_FUNCTION = YES;
				GCC_WARN_UNUSED_VARIABLE = YES;
				MACOSX_DEPLOYMENT_TARGET = 10.10;
				MTL_ENABLE_DEBUG_INFO = YES;
				ONLY_ACTIVE_ARCH = YES;
				SDKROOT = macosx;
			};
			name = Debug;
		};
		6CDABA5A1A380C34001E2AB2 /* Release */ = {
			isa = XCBuildConfiguration;
			buildSettings = {
				ALWAYS_SEARCH_USER_PATHS = NO;
				CLANG_CXX_LANGUAGE_STANDARD = "gnu++0x";
				CLANG_CXX_LIBRARY = "libc++";
				CLANG_ENABLE_MODULES = YES;
				CLANG_ENABLE_OBJC_ARC = YES;
				CLANG_WARN_BOOL_CONVERSION = YES;
				CLANG_WARN_CONSTANT_CONVERSION = YES;
				CLANG_WARN_DIRECT_OBJC_ISA_USAGE = YES_ERROR;
				CLANG_WARN_EMPTY_BODY = YES;
				CLANG_WARN_ENUM_CONVERSION = YES;
				CLANG_WARN_INT_CONVERSION = YES;
				CLANG_WARN_OBJC_ROOT_CLASS = YES_ERROR;
				CLANG_WARN_UNREACHABLE_CODE = YES;
				CLANG_WARN__DUPLICATE_METHOD_MATCH = YES;
				COPY_PHASE_STRIP = YES;
				DEBUG_INFORMATION_FORMAT = "dwarf-with-dsym";
				ENABLE_NS_ASSERTIONS = NO;
				ENABLE_STRICT_OBJC_MSGSEND = YES;
				GCC_C_LANGUAGE_STANDARD = gnu99;
				GCC_WARN_64_TO_32_BIT_CONVERSION = YES;
				GCC_WARN_ABOUT_RETURN_TYPE = YES_ERROR;
				GCC_WARN_UNDECLARED_SELECTOR = YES;
				GCC_WARN_UNINITIALIZED_AUTOS = YES_AGGRESSIVE;
				GCC_WARN_UNUSED_FUNCTION = YES;
				GCC_WARN_UNUSED_VARIABLE = YES;
				MACOSX_DEPLOYMENT_TARGET = 10.10;
				MTL_ENABLE_DEBUG_INFO = NO;
				SDKROOT = macosx;
			};
			name = Release;
		};
		6CDABA5C1A380C34001E2AB2 /* Debug */ = {
			isa = XCBuildConfiguration;
			buildSettings = {
				PRODUCT_NAME = "$(TARGET_NAME)";
			};
			name = Debug;
		};
		6CDABA5D1A380C34001E2AB2 /* Release */ = {
			isa = XCBuildConfiguration;
			buildSettings = {
				PRODUCT_NAME = "$(TARGET_NAME)";
			};
			name = Release;
		};
/* End XCBuildConfiguration section */

/* Begin XCConfigurationList section */
		6CDABA4F1A380C34001E2AB2 /* Build configuration list for PBXProject "embedded-helpers" */ = {
			isa = XCConfigurationList;
			buildConfigurations = (
				6CDABA591A380C34001E2AB2 /* Debug */,
				6CDABA5A1A380C34001E2AB2 /* Release */,
			);
			defaultConfigurationIsVisible = 0;
			defaultConfigurationName = Release;
		};
		6CDABA5B1A380C34001E2AB2 /* Build configuration list for PBXNativeTarget "embedded-helpers" */ = {
			isa = XCConfigurationList;
			buildConfigurations = (
				6CDABA5C1A380C34001E2AB2 /* Debug */,
				6CDABA5D1A380C34001E2AB2 /* Release */,
			);
			defaultConfigurationIsVisible = 0;
			defaultConfigurationName = Release;
		};
/* End XCConfigurationList section */
	};
	rootObject = 6CDABA4C1A380C34001E2AB2 /* Project object */;
}
